
Microsoft Visual Studio Solution File, Format Version 12.00
# Visual Studio 15
VisualStudioVersion = 15.0.28307.329
MinimumVisualStudioVersion = 10.0.40219.1
Project("{FAE04EC0-301F-11D3-BF4B-00C04F79EFBC}") = "Task1", "Task1\Task1.csproj", "{EAA3E506-B727-45CF-87F5-B40402440828}"
EndProject
Project("{FAE04EC0-301F-11D3-BF4B-00C04F79EFBC}") = "Task2", "Task2\Task2.csproj", "{31A61728-6FA5-4BF3-9919-F42459EECAAE}"
EndProject
Project("{FAE04EC0-301F-11D3-BF4B-00C04F79EFBC}") = "Task3", "Task3\Task3.csproj", "{15F6F74B-A315-4283-BB86-3049BA261A84}"
EndProject
Project("{FAE04EC0-301F-11D3-BF4B-00C04F79EFBC}") = "Task4", "Task4\Task4.csproj", "{F252E85B-891D-4D55-B902-FEC811D9D7FB}"
EndProject
Global
	GlobalSection(SolutionConfigurationPlatforms) = preSolution
		Debug|Any CPU = Debug|Any CPU
		Release|Any CPU = Release|Any CPU
	EndGlobalSection
	GlobalSection(ProjectConfigurationPlatforms) = postSolution
		{EAA3E506-B727-45CF-87F5-B40402440828}.Debug|Any CPU.ActiveCfg = Debug|Any CPU
		{EAA3E506-B727-45CF-87F5-B40402440828}.Debug|Any CPU.Build.0 = Debug|Any CPU
		{EAA3E506-B727-45CF-87F5-B40402440828}.Release|Any CPU.ActiveCfg = Release|Any CPU
		{EAA3E506-B727-45CF-87F5-B40402440828}.Release|Any CPU.Build.0 = Release|Any CPU
		{31A61728-6FA5-4BF3-9919-F42459EECAAE}.Debug|Any CPU.ActiveCfg = Debug|Any CPU
		{31A61728-6FA5-4BF3-9919-F42459EECAAE}.Debug|Any CPU.Build.0 = Debug|Any CPU
		{31A61728-6FA5-4BF3-9919-F42459EECAAE}.Release|Any CPU.ActiveCfg = Release|Any CPU
		{31A61728-6FA5-4BF3-9919-F42459EECAAE}.Release|Any CPU.Build.0 = Release|Any CPU
		{15F6F74B-A315-4283-BB86-3049BA261A84}.Debug|Any CPU.ActiveCfg = Debug|Any CPU
		{15F6F74B-A315-4283-BB86-3049BA261A84}.Debug|Any CPU.Build.0 = Debug|Any CPU
		{15F6F74B-A315-4283-BB86-3049BA261A84}.Release|Any CPU.ActiveCfg = Release|Any CPU
		{15F6F74B-A315-4283-BB86-3049BA261A84}.Release|Any CPU.Build.0 = Release|Any CPU
		{F252E85B-891D-4D55-B902-FEC811D9D7FB}.Debug|Any CPU.ActiveCfg = Debug|Any CPU
		{F252E85B-891D-4D55-B902-FEC811D9D7FB}.Debug|Any CPU.Build.0 = Debug|Any CPU
		{F252E85B-891D-4D55-B902-FEC811D9D7FB}.Release|Any CPU.ActiveCfg = Release|Any CPU
		{F252E85B-891D-4D55-B902-FEC811D9D7FB}.Release|Any CPU.Build.0 = Release|Any CPU
	EndGlobalSection
	GlobalSection(SolutionProperties) = preSolution
		HideSolutionNode = FALSE
	EndGlobalSection
	GlobalSection(ExtensibilityGlobals) = postSolution
		SolutionGuid = {D41C94D7-0FEA-47B4-BAE0-87CD19197119}
	EndGlobalSection
EndGlobal
